PODS:
  - MapCache (0.10.0)
  - NSDate_Utils (1.2.0)

DEPENDENCIES:
  - MapCache
  - NSDate_Utils

SPEC REPOS:
  trunk:
    - MapCache
    - NSDate_Utils

SPEC CHECKSUMS:
  MapCache: d5954fb8dd61e3bcd579d65c2b7b12916feaf975
  NSDate_Utils: 6eb35593eef7faed4ca360e00f889c541eb11f4a

PODFILE CHECKSUM: 5a59ceddc4daddf1173d26924d2065f87271cba1

COCOAPODS: 1.12.1
