// !$*UTF8*$!
{
	archiveVersion = 1;
	classes = {
	};
	objectVersion = 56;
	objects = {

/* Begin PBXBuildFile section */
		4F77894408556CDCB772AFA8 /* Pods_Gigma_GigmaUITests.framework in Frameworks */ = {isa = PBXBuildFile; fileRef = AD7DD6541CBAFF5CA2B7C2B6 /* Pods_Gigma_GigmaUITests.framework */; };
		A523707B6191CFEB6328E345 /* Pods_GigmaTests.framework in Frameworks */ = {isa = PBXBuildFile; fileRef = DE3E0DA8260CB815B3922D04 /* Pods_GigmaTests.framework */; };
		A5DD1D030C1CE129E1B5200A /* Pods_Gigma.framework in Frameworks */ = {isa = PBXBuildFile; fileRef = 4D143A8E7E729429E511BFD7 /* Pods_Gigma.framework */; };
		E0472C812A27687B00782EA0 /* MapViewController.swift in Sources */ = {isa = PBXBuildFile; fileRef = E0472C802A27687B00782EA0 /* MapViewController.swift */; };
		E0472C8A2A27787400782EA0 /* GigmaModel.xcdatamodeld in Sources */ = {isa = PBXBuildFile; fileRef = E0472C882A27787400782EA0 /* GigmaModel.xcdatamodeld */; };
		E0472C902A2782FF00782EA0 /* MainViewController.m in Sources */ = {isa = PBXBuildFile; fileRef = E0472C8F2A2782FF00782EA0 /* MainViewController.m */; };
		E0472D5F2A279C8800782EA0 /* WelcomeViewController.m in Sources */ = {isa = PBXBuildFile; fileRef = E0472D5E2A279C8800782EA0 /* WelcomeViewController.m */; };
		E0472D612A27A78F00782EA0 /* Main.storyboard in Resources */ = {isa = PBXBuildFile; fileRef = E0472D602A27A78F00782EA0 /* Main.storyboard */; };
		E0549B122A27D8A60002A8D4 /* FestivalSettingsViewController.m in Sources */ = {isa = PBXBuildFile; fileRef = E0549B112A27D8A60002A8D4 /* FestivalSettingsViewController.m */; };
		E0549B162A27DC8F0002A8D4 /* FestivalViewController.m in Sources */ = {isa = PBXBuildFile; fileRef = E0549B152A27DC8F0002A8D4 /* FestivalViewController.m */; };
		E0549B182A27DF140002A8D4 /* FakeData.swift in Sources */ = {isa = PBXBuildFile; fileRef = E0549B172A27DF140002A8D4 /* FakeData.swift */; };
		E0549B1F2A27FA270002A8D4 /* FestivalSelectionCell.m in Sources */ = {isa = PBXBuildFile; fileRef = E0549B1E2A27FA270002A8D4 /* FestivalSelectionCell.m */; };
		E05733272A24F61C00B7A32D /* AppDelegate.m in Sources */ = {isa = PBXBuildFile; fileRef = E05733262A24F61C00B7A32D /* AppDelegate.m */; };
		E057332A2A24F61C00B7A32D /* SceneDelegate.m in Sources */ = {isa = PBXBuildFile; fileRef = E05733292A24F61C00B7A32D /* SceneDelegate.m */; };
		E057332D2A24F61C00B7A32D /* AddFriendViewController.m in Sources */ = {isa = PBXBuildFile; fileRef = E057332C2A24F61C00B7A32D /* AddFriendViewController.m */; };
		E05733322A24F61F00B7A32D /* Assets.xcassets in Resources */ = {isa = PBXBuildFile; fileRef = E05733312A24F61F00B7A32D /* Assets.xcassets */; };
		E05733352A24F61F00B7A32D /* LaunchScreen.storyboard in Resources */ = {isa = PBXBuildFile; fileRef = E05733332A24F61F00B7A32D /* LaunchScreen.storyboard */; };
		E05733382A24F61F00B7A32D /* main.m in Sources */ = {isa = PBXBuildFile; fileRef = E05733372A24F61F00B7A32D /* main.m */; };
		E05733422A24F61F00B7A32D /* GigmaTests.m in Sources */ = {isa = PBXBuildFile; fileRef = E05733412A24F61F00B7A32D /* GigmaTests.m */; };
		E057334C2A24F61F00B7A32D /* GigmaUITests.m in Sources */ = {isa = PBXBuildFile; fileRef = E057334B2A24F61F00B7A32D /* GigmaUITests.m */; };
		E057334E2A24F61F00B7A32D /* GigmaUITestsLaunchTests.m in Sources */ = {isa = PBXBuildFile; fileRef = E057334D2A24F61F00B7A32D /* GigmaUITestsLaunchTests.m */; };
		E05733612A2601A100B7A32D /* FriendViewController.m in Sources */ = {isa = PBXBuildFile; fileRef = E05733602A2601A100B7A32D /* FriendViewController.m */; };
		E05733672A2608B900B7A32D /* AfterMain.storyboard in Resources */ = {isa = PBXBuildFile; fileRef = E05733652A2608B900B7A32D /* AfterMain.storyboard */; };
		E05733712A275B9D00B7A32D /* GoogleService-Info.plist in Resources */ = {isa = PBXBuildFile; fileRef = E05733702A275B9D00B7A32D /* GoogleService-Info.plist */; };
		E05733722A275B9D00B7A32D /* GoogleService-Info.plist in Resources */ = {isa = PBXBuildFile; fileRef = E05733702A275B9D00B7A32D /* GoogleService-Info.plist */; };
		E05733732A275B9D00B7A32D /* GoogleService-Info.plist in Resources */ = {isa = PBXBuildFile; fileRef = E05733702A275B9D00B7A32D /* GoogleService-Info.plist */; };
		F7956E6B2A288F070026B06E /* FirebaseFirestore in Frameworks */ = {isa = PBXBuildFile; productRef = F7956E6A2A288F070026B06E /* FirebaseFirestore */; };
		F7956E6D2A288F070026B06E /* FirebaseFirestoreCombine-Community in Frameworks */ = {isa = PBXBuildFile; productRef = F7956E6C2A288F070026B06E /* FirebaseFirestoreCombine-Community */; };
		F7956E6F2A288F070026B06E /* FirebaseFirestoreSwift in Frameworks */ = {isa = PBXBuildFile; productRef = F7956E6E2A288F070026B06E /* FirebaseFirestoreSwift */; };
		F7956E712A28A2EC0026B06E /* Festival.swift in Sources */ = {isa = PBXBuildFile; fileRef = F7956E702A28A2EC0026B06E /* Festival.swift */; };
		F7956E732A28B25E0026B06E /* FestivalData.swift in Sources */ = {isa = PBXBuildFile; fileRef = F7956E722A28B25E0026B06E /* FestivalData.swift */; };
/* End PBXBuildFile section */

/* Begin PBXContainerItemProxy section */
		E057333E2A24F61F00B7A32D /* PBXContainerItemProxy */ = {
			isa = PBXContainerItemProxy;
			containerPortal = E057331A2A24F61C00B7A32D /* Project object */;
			proxyType = 1;
			remoteGlobalIDString = E05733212A24F61C00B7A32D;
			remoteInfo = Gigma;
		};
		E05733482A24F61F00B7A32D /* PBXContainerItemProxy */ = {
			isa = PBXContainerItemProxy;
			containerPortal = E057331A2A24F61C00B7A32D /* Project object */;
			proxyType = 1;
			remoteGlobalIDString = E05733212A24F61C00B7A32D;
			remoteInfo = Gigma;
		};
/* End PBXContainerItemProxy section */

/* Begin PBXFileReference section */
		0D000F209F5331DE684CA98E /* Pods-Gigma.debug.xcconfig */ = {isa = PBXFileReference; includeInIndex = 1; lastKnownFileType = text.xcconfig; name = "Pods-Gigma.debug.xcconfig"; path = "Target Support Files/Pods-Gigma/Pods-Gigma.debug.xcconfig"; sourceTree = "<group>"; };
		17FBF2956263366011E163C1 /* Pods-Gigma-GigmaUITests.release.xcconfig */ = {isa = PBXFileReference; includeInIndex = 1; lastKnownFileType = text.xcconfig; name = "Pods-Gigma-GigmaUITests.release.xcconfig"; path = "Target Support Files/Pods-Gigma-GigmaUITests/Pods-Gigma-GigmaUITests.release.xcconfig"; sourceTree = "<group>"; };
		4D143A8E7E729429E511BFD7 /* Pods_Gigma.framework */ = {isa = PBXFileReference; explicitFileType = wrapper.framework; includeInIndex = 0; path = Pods_Gigma.framework; sourceTree = BUILT_PRODUCTS_DIR; };
		62027280863E4BB93C712F67 /* Pods-Gigma.release.xcconfig */ = {isa = PBXFileReference; includeInIndex = 1; lastKnownFileType = text.xcconfig; name = "Pods-Gigma.release.xcconfig"; path = "Target Support Files/Pods-Gigma/Pods-Gigma.release.xcconfig"; sourceTree = "<group>"; };
		788497B0376D458D1596B13F /* Pods-GigmaTests.debug.xcconfig */ = {isa = PBXFileReference; includeInIndex = 1; lastKnownFileType = text.xcconfig; name = "Pods-GigmaTests.debug.xcconfig"; path = "Target Support Files/Pods-GigmaTests/Pods-GigmaTests.debug.xcconfig"; sourceTree = "<group>"; };
		91E198BC41D9201DC749D010 /* Pods-GigmaTests.release.xcconfig */ = {isa = PBXFileReference; includeInIndex = 1; lastKnownFileType = text.xcconfig; name = "Pods-GigmaTests.release.xcconfig"; path = "Target Support Files/Pods-GigmaTests/Pods-GigmaTests.release.xcconfig"; sourceTree = "<group>"; };
		AD2ACB7E32AEA43783DD79E3 /* Pods-Gigma-GigmaUITests.debug.xcconfig */ = {isa = PBXFileReference; includeInIndex = 1; lastKnownFileType = text.xcconfig; name = "Pods-Gigma-GigmaUITests.debug.xcconfig"; path = "Target Support Files/Pods-Gigma-GigmaUITests/Pods-Gigma-GigmaUITests.debug.xcconfig"; sourceTree = "<group>"; };
		AD7DD6541CBAFF5CA2B7C2B6 /* Pods_Gigma_GigmaUITests.framework */ = {isa = PBXFileReference; explicitFileType = wrapper.framework; includeInIndex = 0; path = Pods_Gigma_GigmaUITests.framework; sourceTree = BUILT_PRODUCTS_DIR; };
		DE3E0DA8260CB815B3922D04 /* Pods_GigmaTests.framework */ = {isa = PBXFileReference; explicitFileType = wrapper.framework; includeInIndex = 0; path = Pods_GigmaTests.framework; sourceTree = BUILT_PRODUCTS_DIR; };
		E0472C7F2A27687A00782EA0 /* Gigma-Bridging-Header.h */ = {isa = PBXFileReference; lastKnownFileType = sourcecode.c.h; path = "Gigma-Bridging-Header.h"; sourceTree = "<group>"; };
		E0472C802A27687B00782EA0 /* MapViewController.swift */ = {isa = PBXFileReference; lastKnownFileType = sourcecode.swift; path = MapViewController.swift; sourceTree = "<group>"; };
		E0472C892A27787400782EA0 /* GigmaModel.xcdatamodel */ = {isa = PBXFileReference; lastKnownFileType = wrapper.xcdatamodel; path = GigmaModel.xcdatamodel; sourceTree = "<group>"; };
		E0472C8E2A2782DE00782EA0 /* MainViewController.h */ = {isa = PBXFileReference; lastKnownFileType = sourcecode.c.h; path = MainViewController.h; sourceTree = "<group>"; };
		E0472C8F2A2782FF00782EA0 /* MainViewController.m */ = {isa = PBXFileReference; lastKnownFileType = sourcecode.c.objc; path = MainViewController.m; sourceTree = "<group>"; };
		E0472D5D2A279C8400782EA0 /* WelcomeViewController.h */ = {isa = PBXFileReference; fileEncoding = 4; lastKnownFileType = sourcecode.c.h; path = WelcomeViewController.h; sourceTree = "<group>"; };
		E0472D5E2A279C8800782EA0 /* WelcomeViewController.m */ = {isa = PBXFileReference; fileEncoding = 4; lastKnownFileType = sourcecode.c.objc; path = WelcomeViewController.m; sourceTree = "<group>"; };
		E0472D602A27A78F00782EA0 /* Main.storyboard */ = {isa = PBXFileReference; lastKnownFileType = file.storyboard; path = Main.storyboard; sourceTree = "<group>"; };
		E0549B112A27D8A60002A8D4 /* FestivalSettingsViewController.m */ = {isa = PBXFileReference; lastKnownFileType = sourcecode.c.objc; path = FestivalSettingsViewController.m; sourceTree = "<group>"; };
		E0549B132A27D9280002A8D4 /* FestivalSettingsViewController.h */ = {isa = PBXFileReference; lastKnownFileType = sourcecode.c.h; path = FestivalSettingsViewController.h; sourceTree = "<group>"; };
		E0549B142A27DC690002A8D4 /* FestivalViewController.h */ = {isa = PBXFileReference; lastKnownFileType = sourcecode.c.h; path = FestivalViewController.h; sourceTree = "<group>"; };
		E0549B152A27DC8F0002A8D4 /* FestivalViewController.m */ = {isa = PBXFileReference; lastKnownFileType = sourcecode.c.objc; path = FestivalViewController.m; sourceTree = "<group>"; };
		E0549B172A27DF140002A8D4 /* FakeData.swift */ = {isa = PBXFileReference; lastKnownFileType = sourcecode.swift; path = FakeData.swift; sourceTree = "<group>"; };
		E0549B1E2A27FA270002A8D4 /* FestivalSelectionCell.m */ = {isa = PBXFileReference; lastKnownFileType = sourcecode.c.objc; path = FestivalSelectionCell.m; sourceTree = "<group>"; };
		E0549B202A27FA3F0002A8D4 /* FestivalSelectionCell.h */ = {isa = PBXFileReference; lastKnownFileType = sourcecode.c.h; path = FestivalSelectionCell.h; sourceTree = "<group>"; };
		E05733222A24F61C00B7A32D /* Gigma.app */ = {isa = PBXFileReference; explicitFileType = wrapper.application; includeInIndex = 0; path = Gigma.app; sourceTree = BUILT_PRODUCTS_DIR; };
		E05733252A24F61C00B7A32D /* AppDelegate.h */ = {isa = PBXFileReference; lastKnownFileType = sourcecode.c.h; path = AppDelegate.h; sourceTree = "<group>"; };
		E05733262A24F61C00B7A32D /* AppDelegate.m */ = {isa = PBXFileReference; lastKnownFileType = sourcecode.c.objc; path = AppDelegate.m; sourceTree = "<group>"; };
		E05733282A24F61C00B7A32D /* SceneDelegate.h */ = {isa = PBXFileReference; lastKnownFileType = sourcecode.c.h; path = SceneDelegate.h; sourceTree = "<group>"; };
		E05733292A24F61C00B7A32D /* SceneDelegate.m */ = {isa = PBXFileReference; lastKnownFileType = sourcecode.c.objc; path = SceneDelegate.m; sourceTree = "<group>"; };
		E057332B2A24F61C00B7A32D /* AddFriendViewController.h */ = {isa = PBXFileReference; lastKnownFileType = sourcecode.c.h; path = AddFriendViewController.h; sourceTree = "<group>"; };
		E057332C2A24F61C00B7A32D /* AddFriendViewController.m */ = {isa = PBXFileReference; lastKnownFileType = sourcecode.c.objc; path = AddFriendViewController.m; sourceTree = "<group>"; };
		E05733312A24F61F00B7A32D /* Assets.xcassets */ = {isa = PBXFileReference; lastKnownFileType = folder.assetcatalog; path = Assets.xcassets; sourceTree = "<group>"; };
		E05733342A24F61F00B7A32D /* Base */ = {isa = PBXFileReference; lastKnownFileType = file.storyboard; name = Base; path = Base.lproj/LaunchScreen.storyboard; sourceTree = "<group>"; };
		E05733362A24F61F00B7A32D /* Info.plist */ = {isa = PBXFileReference; lastKnownFileType = text.plist.xml; path = Info.plist; sourceTree = "<group>"; };
		E05733372A24F61F00B7A32D /* main.m */ = {isa = PBXFileReference; lastKnownFileType = sourcecode.c.objc; path = main.m; sourceTree = "<group>"; };
		E057333D2A24F61F00B7A32D /* GigmaTests.xctest */ = {isa = PBXFileReference; explicitFileType = wrapper.cfbundle; includeInIndex = 0; path = GigmaTests.xctest; sourceTree = BUILT_PRODUCTS_DIR; };
		E05733412A24F61F00B7A32D /* GigmaTests.m */ = {isa = PBXFileReference; lastKnownFileType = sourcecode.c.objc; path = GigmaTests.m; sourceTree = "<group>"; };
		E05733472A24F61F00B7A32D /* GigmaUITests.xctest */ = {isa = PBXFileReference; explicitFileType = wrapper.cfbundle; includeInIndex = 0; path = GigmaUITests.xctest; sourceTree = BUILT_PRODUCTS_DIR; };
		E057334B2A24F61F00B7A32D /* GigmaUITests.m */ = {isa = PBXFileReference; lastKnownFileType = sourcecode.c.objc; path = GigmaUITests.m; sourceTree = "<group>"; };
		E057334D2A24F61F00B7A32D /* GigmaUITestsLaunchTests.m */ = {isa = PBXFileReference; lastKnownFileType = sourcecode.c.objc; path = GigmaUITestsLaunchTests.m; sourceTree = "<group>"; };
		E05733602A2601A100B7A32D /* FriendViewController.m */ = {isa = PBXFileReference; lastKnownFileType = sourcecode.c.objc; path = FriendViewController.m; sourceTree = "<group>"; };
		E05733622A2601CB00B7A32D /* FriendViewController.h */ = {isa = PBXFileReference; fileEncoding = 4; lastKnownFileType = sourcecode.c.h; path = FriendViewController.h; sourceTree = "<group>"; };
		E05733662A2608B900B7A32D /* Base */ = {isa = PBXFileReference; lastKnownFileType = file.storyboard; name = Base; path = Base.lproj/AfterMain.storyboard; sourceTree = "<group>"; };
		E05733702A275B9D00B7A32D /* GoogleService-Info.plist */ = {isa = PBXFileReference; fileEncoding = 4; lastKnownFileType = text.plist.xml; path = "GoogleService-Info.plist"; sourceTree = "<group>"; };
		F7956E702A28A2EC0026B06E /* Festival.swift */ = {isa = PBXFileReference; lastKnownFileType = sourcecode.swift; path = Festival.swift; sourceTree = "<group>"; };
		F7956E722A28B25E0026B06E /* FestivalData.swift */ = {isa = PBXFileReference; lastKnownFileType = sourcecode.swift; path = FestivalData.swift; sourceTree = "<group>"; };
/* End PBXFileReference section */

/* Begin PBXFrameworksBuildPhase section */
		E057331F2A24F61C00B7A32D /* Frameworks */ = {
			isa = PBXFrameworksBuildPhase;
			buildActionMask = 2147483647;
			files = (
				F7956E6D2A288F070026B06E /* FirebaseFirestoreCombine-Community in Frameworks */,
				A5DD1D030C1CE129E1B5200A /* Pods_Gigma.framework in Frameworks */,
				F7956E6B2A288F070026B06E /* FirebaseFirestore in Frameworks */,
				F7956E6F2A288F070026B06E /* FirebaseFirestoreSwift in Frameworks */,
			);
			runOnlyForDeploymentPostprocessing = 0;
		};
		E057333A2A24F61F00B7A32D /* Frameworks */ = {
			isa = PBXFrameworksBuildPhase;
			buildActionMask = 2147483647;
			files = (
				A523707B6191CFEB6328E345 /* Pods_GigmaTests.framework in Frameworks */,
			);
			runOnlyForDeploymentPostprocessing = 0;
		};
		E05733442A24F61F00B7A32D /* Frameworks */ = {
			isa = PBXFrameworksBuildPhase;
			buildActionMask = 2147483647;
			files = (
				4F77894408556CDCB772AFA8 /* Pods_Gigma_GigmaUITests.framework in Frameworks */,
			);
			runOnlyForDeploymentPostprocessing = 0;
		};
/* End PBXFrameworksBuildPhase section */

/* Begin PBXGroup section */
		64BC40214AF9B3C90567DB0F /* Frameworks */ = {
			isa = PBXGroup;
			children = (
				4D143A8E7E729429E511BFD7 /* Pods_Gigma.framework */,
				AD7DD6541CBAFF5CA2B7C2B6 /* Pods_Gigma_GigmaUITests.framework */,
				DE3E0DA8260CB815B3922D04 /* Pods_GigmaTests.framework */,
			);
			name = Frameworks;
			sourceTree = "<group>";
		};
		E05733192A24F61C00B7A32D = {
			isa = PBXGroup;
			children = (
				E05733242A24F61C00B7A32D /* Gigma */,
				E05733402A24F61F00B7A32D /* GigmaTests */,
				E057334A2A24F61F00B7A32D /* GigmaUITests */,
				E05733232A24F61C00B7A32D /* Products */,
				E60069BF977F7F4494EA9370 /* Pods */,
				64BC40214AF9B3C90567DB0F /* Frameworks */,
			);
			sourceTree = "<group>";
		};
		E05733232A24F61C00B7A32D /* Products */ = {
			isa = PBXGroup;
			children = (
				E05733222A24F61C00B7A32D /* Gigma.app */,
				E057333D2A24F61F00B7A32D /* GigmaTests.xctest */,
				E05733472A24F61F00B7A32D /* GigmaUITests.xctest */,
			);
			name = Products;
			sourceTree = "<group>";
		};
		E05733242A24F61C00B7A32D /* Gigma */ = {
			isa = PBXGroup;
			children = (
				E05733252A24F61C00B7A32D /* AppDelegate.h */,
				E05733262A24F61C00B7A32D /* AppDelegate.m */,
				E0472D5D2A279C8400782EA0 /* WelcomeViewController.h */,
				E0472D5E2A279C8800782EA0 /* WelcomeViewController.m */,
				E05733282A24F61C00B7A32D /* SceneDelegate.h */,
				E05733292A24F61C00B7A32D /* SceneDelegate.m */,
				E057332B2A24F61C00B7A32D /* AddFriendViewController.h */,
				E057332C2A24F61C00B7A32D /* AddFriendViewController.m */,
				E05733622A2601CB00B7A32D /* FriendViewController.h */,
				E05733602A2601A100B7A32D /* FriendViewController.m */,
				E0549B202A27FA3F0002A8D4 /* FestivalSelectionCell.h */,
				E0549B1E2A27FA270002A8D4 /* FestivalSelectionCell.m */,
				E0472C8E2A2782DE00782EA0 /* MainViewController.h */,
				E0472C8F2A2782FF00782EA0 /* MainViewController.m */,
				E0549B132A27D9280002A8D4 /* FestivalSettingsViewController.h */,
				E0549B112A27D8A60002A8D4 /* FestivalSettingsViewController.m */,
				E0549B142A27DC690002A8D4 /* FestivalViewController.h */,
				E0549B152A27DC8F0002A8D4 /* FestivalViewController.m */,
				E0472C802A27687B00782EA0 /* MapViewController.swift */,
				E0549B172A27DF140002A8D4 /* FakeData.swift */,
				F7956E702A28A2EC0026B06E /* Festival.swift */,
				F7956E722A28B25E0026B06E /* FestivalData.swift */,
				E05733312A24F61F00B7A32D /* Assets.xcassets */,
				E05733652A2608B900B7A32D /* AfterMain.storyboard */,
				E0472D602A27A78F00782EA0 /* Main.storyboard */,
				E05733332A24F61F00B7A32D /* LaunchScreen.storyboard */,
				E05733362A24F61F00B7A32D /* Info.plist */,
				E05733702A275B9D00B7A32D /* GoogleService-Info.plist */,
				E05733372A24F61F00B7A32D /* main.m */,
				E0472C7F2A27687A00782EA0 /* Gigma-Bridging-Header.h */,
				E0472C882A27787400782EA0 /* GigmaModel.xcdatamodeld */,
			);
			path = Gigma;
			sourceTree = "<group>";
		};
		E05733402A24F61F00B7A32D /* GigmaTests */ = {
			isa = PBXGroup;
			children = (
				E05733412A24F61F00B7A32D /* GigmaTests.m */,
			);
			path = GigmaTests;
			sourceTree = "<group>";
		};
		E057334A2A24F61F00B7A32D /* GigmaUITests */ = {
			isa = PBXGroup;
			children = (
				E057334B2A24F61F00B7A32D /* GigmaUITests.m */,
				E057334D2A24F61F00B7A32D /* GigmaUITestsLaunchTests.m */,
			);
			path = GigmaUITests;
			sourceTree = "<group>";
		};
		E60069BF977F7F4494EA9370 /* Pods */ = {
			isa = PBXGroup;
			children = (
				0D000F209F5331DE684CA98E /* Pods-Gigma.debug.xcconfig */,
				62027280863E4BB93C712F67 /* Pods-Gigma.release.xcconfig */,
				AD2ACB7E32AEA43783DD79E3 /* Pods-Gigma-GigmaUITests.debug.xcconfig */,
				17FBF2956263366011E163C1 /* Pods-Gigma-GigmaUITests.release.xcconfig */,
				788497B0376D458D1596B13F /* Pods-GigmaTests.debug.xcconfig */,
				91E198BC41D9201DC749D010 /* Pods-GigmaTests.release.xcconfig */,
			);
			path = Pods;
			sourceTree = "<group>";
		};
/* End PBXGroup section */

/* Begin PBXNativeTarget section */
		E05733212A24F61C00B7A32D /* Gigma */ = {
			isa = PBXNativeTarget;
			buildConfigurationList = E05733512A24F61F00B7A32D /* Build configuration list for PBXNativeTarget "Gigma" */;
			buildPhases = (
				451E090B11FB488D19236D90 /* [CP] Check Pods Manifest.lock */,
				E057331E2A24F61C00B7A32D /* Sources */,
				E057331F2A24F61C00B7A32D /* Frameworks */,
				E05733202A24F61C00B7A32D /* Resources */,
				7DFCCC26E9CBDED3D6CE1E28 /* [CP] Embed Pods Frameworks */,
			);
			buildRules = (
			);
			dependencies = (
			);
			name = Gigma;
			packageProductDependencies = (
				F7956E6A2A288F070026B06E /* FirebaseFirestore */,
				F7956E6C2A288F070026B06E /* FirebaseFirestoreCombine-Community */,
				F7956E6E2A288F070026B06E /* FirebaseFirestoreSwift */,
			);
			productName = Gigma;
			productReference = E05733222A24F61C00B7A32D /* Gigma.app */;
			productType = "com.apple.product-type.application";
		};
		E057333C2A24F61F00B7A32D /* GigmaTests */ = {
			isa = PBXNativeTarget;
			buildConfigurationList = E05733542A24F61F00B7A32D /* Build configuration list for PBXNativeTarget "GigmaTests" */;
			buildPhases = (
				B8A6B0F16128EEB6161A6FCF /* [CP] Check Pods Manifest.lock */,
				E05733392A24F61F00B7A32D /* Sources */,
				E057333A2A24F61F00B7A32D /* Frameworks */,
				E057333B2A24F61F00B7A32D /* Resources */,
			);
			buildRules = (
			);
			dependencies = (
				E057333F2A24F61F00B7A32D /* PBXTargetDependency */,
			);
			name = GigmaTests;
			productName = GigmaTests;
			productReference = E057333D2A24F61F00B7A32D /* GigmaTests.xctest */;
			productType = "com.apple.product-type.bundle.unit-test";
		};
		E05733462A24F61F00B7A32D /* GigmaUITests */ = {
			isa = PBXNativeTarget;
			buildConfigurationList = E05733572A24F61F00B7A32D /* Build configuration list for PBXNativeTarget "GigmaUITests" */;
			buildPhases = (
				4A56C261950DB4AEC9E23A24 /* [CP] Check Pods Manifest.lock */,
				E05733432A24F61F00B7A32D /* Sources */,
				E05733442A24F61F00B7A32D /* Frameworks */,
				E05733452A24F61F00B7A32D /* Resources */,
				3C3409A8371FEB6AB18F5AFF /* [CP] Embed Pods Frameworks */,
			);
			buildRules = (
			);
			dependencies = (
				E05733492A24F61F00B7A32D /* PBXTargetDependency */,
			);
			name = GigmaUITests;
			productName = GigmaUITests;
			productReference = E05733472A24F61F00B7A32D /* GigmaUITests.xctest */;
			productType = "com.apple.product-type.bundle.ui-testing";
		};
/* End PBXNativeTarget section */

/* Begin PBXProject section */
		E057331A2A24F61C00B7A32D /* Project object */ = {
			isa = PBXProject;
			attributes = {
				BuildIndependentTargetsInParallel = 1;
				LastUpgradeCheck = 1400;
				TargetAttributes = {
					E05733212A24F61C00B7A32D = {
						CreatedOnToolsVersion = 14.0.1;
						LastSwiftMigration = 1400;
					};
					E057333C2A24F61F00B7A32D = {
						CreatedOnToolsVersion = 14.0.1;
						TestTargetID = E05733212A24F61C00B7A32D;
					};
					E05733462A24F61F00B7A32D = {
						CreatedOnToolsVersion = 14.0.1;
						TestTargetID = E05733212A24F61C00B7A32D;
					};
				};
			};
			buildConfigurationList = E057331D2A24F61C00B7A32D /* Build configuration list for PBXProject "Gigma" */;
			compatibilityVersion = "Xcode 14.0";
			developmentRegion = en;
			hasScannedForEncodings = 0;
			knownRegions = (
				en,
				Base,
			);
			mainGroup = E05733192A24F61C00B7A32D;
			packageReferences = (
				F7956E692A288F070026B06E /* XCRemoteSwiftPackageReference "firebase-ios-sdk" */,
			);
			productRefGroup = E05733232A24F61C00B7A32D /* Products */;
			projectDirPath = "";
			projectRoot = "";
			targets = (
				E05733212A24F61C00B7A32D /* Gigma */,
				E057333C2A24F61F00B7A32D /* GigmaTests */,
				E05733462A24F61F00B7A32D /* GigmaUITests */,
			);
		};
/* End PBXProject section */

/* Begin PBXResourcesBuildPhase section */
		E05733202A24F61C00B7A32D /* Resources */ = {
			isa = PBXResourcesBuildPhase;
			buildActionMask = 2147483647;
			files = (
				E0472D612A27A78F00782EA0 /* Main.storyboard in Resources */,
				E05733672A2608B900B7A32D /* AfterMain.storyboard in Resources */,
				E05733712A275B9D00B7A32D /* GoogleService-Info.plist in Resources */,
				E05733352A24F61F00B7A32D /* LaunchScreen.storyboard in Resources */,
				E05733322A24F61F00B7A32D /* Assets.xcassets in Resources */,
			);
			runOnlyForDeploymentPostprocessing = 0;
		};
		E057333B2A24F61F00B7A32D /* Resources */ = {
			isa = PBXResourcesBuildPhase;
			buildActionMask = 2147483647;
			files = (
				E05733722A275B9D00B7A32D /* GoogleService-Info.plist in Resources */,
			);
			runOnlyForDeploymentPostprocessing = 0;
		};
		E05733452A24F61F00B7A32D /* Resources */ = {
			isa = PBXResourcesBuildPhase;
			buildActionMask = 2147483647;
			files = (
				E05733732A275B9D00B7A32D /* GoogleService-Info.plist in Resources */,
			);
			runOnlyForDeploymentPostprocessing = 0;
		};
/* End PBXResourcesBuildPhase section */

/* Begin PBXShellScriptBuildPhase section */
		3C3409A8371FEB6AB18F5AFF /* [CP] Embed Pods Frameworks */ = {
			isa = PBXShellScriptBuildPhase;
			buildActionMask = 2147483647;
			files = (
			);
			inputFileListPaths = (
				"${PODS_ROOT}/Target Support Files/Pods-Gigma-GigmaUITests/Pods-Gigma-GigmaUITests-frameworks-${CONFIGURATION}-input-files.xcfilelist",
			);
			name = "[CP] Embed Pods Frameworks";
			outputFileListPaths = (
				"${PODS_ROOT}/Target Support Files/Pods-Gigma-GigmaUITests/Pods-Gigma-GigmaUITests-frameworks-${CONFIGURATION}-output-files.xcfilelist",
			);
			runOnlyForDeploymentPostprocessing = 0;
			shellPath = /bin/sh;
			shellScript = "\"${PODS_ROOT}/Target Support Files/Pods-Gigma-GigmaUITests/Pods-Gigma-GigmaUITests-frameworks.sh\"\n";
			showEnvVarsInLog = 0;
		};
		451E090B11FB488D19236D90 /* [CP] Check Pods Manifest.lock */ = {
			isa = PBXShellScriptBuildPhase;
			buildActionMask = 2147483647;
			files = (
			);
			inputFileListPaths = (
			);
			inputPaths = (
				"${PODS_PODFILE_DIR_PATH}/Podfile.lock",
				"${PODS_ROOT}/Manifest.lock",
			);
			name = "[CP] Check Pods Manifest.lock";
			outputFileListPaths = (
			);
			outputPaths = (
				"$(DERIVED_FILE_DIR)/Pods-Gigma-checkManifestLockResult.txt",
			);
			runOnlyForDeploymentPostprocessing = 0;
			shellPath = /bin/sh;
			shellScript = "diff \"${PODS_PODFILE_DIR_PATH}/Podfile.lock\" \"${PODS_ROOT}/Manifest.lock\" > /dev/null\nif [ $? != 0 ] ; then\n    # print error to STDERR\n    echo \"error: The sandbox is not in sync with the Podfile.lock. Run 'pod install' or update your CocoaPods installation.\" >&2\n    exit 1\nfi\n# This output is used by Xcode 'outputs' to avoid re-running this script phase.\necho \"SUCCESS\" > \"${SCRIPT_OUTPUT_FILE_0}\"\n";
			showEnvVarsInLog = 0;
		};
		4A56C261950DB4AEC9E23A24 /* [CP] Check Pods Manifest.lock */ = {
			isa = PBXShellScriptBuildPhase;
			buildActionMask = 2147483647;
			files = (
			);
			inputFileListPaths = (
			);
			inputPaths = (
				"${PODS_PODFILE_DIR_PATH}/Podfile.lock",
				"${PODS_ROOT}/Manifest.lock",
			);
			name = "[CP] Check Pods Manifest.lock";
			outputFileListPaths = (
			);
			outputPaths = (
				"$(DERIVED_FILE_DIR)/Pods-Gigma-GigmaUITests-checkManifestLockResult.txt",
			);
			runOnlyForDeploymentPostprocessing = 0;
			shellPath = /bin/sh;
			shellScript = "diff \"${PODS_PODFILE_DIR_PATH}/Podfile.lock\" \"${PODS_ROOT}/Manifest.lock\" > /dev/null\nif [ $? != 0 ] ; then\n    # print error to STDERR\n    echo \"error: The sandbox is not in sync with the Podfile.lock. Run 'pod install' or update your CocoaPods installation.\" >&2\n    exit 1\nfi\n# This output is used by Xcode 'outputs' to avoid re-running this script phase.\necho \"SUCCESS\" > \"${SCRIPT_OUTPUT_FILE_0}\"\n";
			showEnvVarsInLog = 0;
		};
		7DFCCC26E9CBDED3D6CE1E28 /* [CP] Embed Pods Frameworks */ = {
			isa = PBXShellScriptBuildPhase;
			buildActionMask = 2147483647;
			files = (
			);
			inputFileListPaths = (
				"${PODS_ROOT}/Target Support Files/Pods-Gigma/Pods-Gigma-frameworks-${CONFIGURATION}-input-files.xcfilelist",
			);
			name = "[CP] Embed Pods Frameworks";
			outputFileListPaths = (
				"${PODS_ROOT}/Target Support Files/Pods-Gigma/Pods-Gigma-frameworks-${CONFIGURATION}-output-files.xcfilelist",
			);
			runOnlyForDeploymentPostprocessing = 0;
			shellPath = /bin/sh;
			shellScript = "\"${PODS_ROOT}/Target Support Files/Pods-Gigma/Pods-Gigma-frameworks.sh\"\n";
			showEnvVarsInLog = 0;
		};
		B8A6B0F16128EEB6161A6FCF /* [CP] Check Pods Manifest.lock */ = {
			isa = PBXShellScriptBuildPhase;
			buildActionMask = 2147483647;
			files = (
			);
			inputFileListPaths = (
			);
			inputPaths = (
				"${PODS_PODFILE_DIR_PATH}/Podfile.lock",
				"${PODS_ROOT}/Manifest.lock",
			);
			name = "[CP] Check Pods Manifest.lock";
			outputFileListPaths = (
			);
			outputPaths = (
				"$(DERIVED_FILE_DIR)/Pods-GigmaTests-checkManifestLockResult.txt",
			);
			runOnlyForDeploymentPostprocessing = 0;
			shellPath = /bin/sh;
			shellScript = "diff \"${PODS_PODFILE_DIR_PATH}/Podfile.lock\" \"${PODS_ROOT}/Manifest.lock\" > /dev/null\nif [ $? != 0 ] ; then\n    # print error to STDERR\n    echo \"error: The sandbox is not in sync with the Podfile.lock. Run 'pod install' or update your CocoaPods installation.\" >&2\n    exit 1\nfi\n# This output is used by Xcode 'outputs' to avoid re-running this script phase.\necho \"SUCCESS\" > \"${SCRIPT_OUTPUT_FILE_0}\"\n";
			showEnvVarsInLog = 0;
		};
/* End PBXShellScriptBuildPhase section */

/* Begin PBXSourcesBuildPhase section */
		E057331E2A24F61C00B7A32D /* Sources */ = {
			isa = PBXSourcesBuildPhase;
			buildActionMask = 2147483647;
			files = (
				F7956E732A28B25E0026B06E /* FestivalData.swift in Sources */,
				E057332D2A24F61C00B7A32D /* AddFriendViewController.m in Sources */,
				E05733272A24F61C00B7A32D /* AppDelegate.m in Sources */,
				E0549B122A27D8A60002A8D4 /* FestivalSettingsViewController.m in Sources */,
				E0549B1F2A27FA270002A8D4 /* FestivalSelectionCell.m in Sources */,
				E0472D5F2A279C8800782EA0 /* WelcomeViewController.m in Sources */,
				E0549B162A27DC8F0002A8D4 /* FestivalViewController.m in Sources */,
				E05733382A24F61F00B7A32D /* main.m in Sources */,
				E0549B182A27DF140002A8D4 /* FakeData.swift in Sources */,
				E0472C902A2782FF00782EA0 /* MainViewController.m in Sources */,
				F7956E712A28A2EC0026B06E /* Festival.swift in Sources */,
				E0472C8A2A27787400782EA0 /* GigmaModel.xcdatamodeld in Sources */,
				E05733612A2601A100B7A32D /* FriendViewController.m in Sources */,
				E057332A2A24F61C00B7A32D /* SceneDelegate.m in Sources */,
				E0472C812A27687B00782EA0 /* MapViewController.swift in Sources */,
			);
			runOnlyForDeploymentPostprocessing = 0;
		};
		E05733392A24F61F00B7A32D /* Sources */ = {
			isa = PBXSourcesBuildPhase;
			buildActionMask = 2147483647;
			files = (
				E05733422A24F61F00B7A32D /* GigmaTests.m in Sources */,
			);
			runOnlyForDeploymentPostprocessing = 0;
		};
		E05733432A24F61F00B7A32D /* Sources */ = {
			isa = PBXSourcesBuildPhase;
			buildActionMask = 2147483647;
			files = (
				E057334E2A24F61F00B7A32D /* GigmaUITestsLaunchTests.m in Sources */,
				E057334C2A24F61F00B7A32D /* GigmaUITests.m in Sources */,
			);
			runOnlyForDeploymentPostprocessing = 0;
		};
/* End PBXSourcesBuildPhase section */

/* Begin PBXTargetDependency section */
		E057333F2A24F61F00B7A32D /* PBXTargetDependency */ = {
			isa = PBXTargetDependency;
			target = E05733212A24F61C00B7A32D /* Gigma */;
			targetProxy = E057333E2A24F61F00B7A32D /* PBXContainerItemProxy */;
		};
		E05733492A24F61F00B7A32D /* PBXTargetDependency */ = {
			isa = PBXTargetDependency;
			target = E05733212A24F61C00B7A32D /* Gigma */;
			targetProxy = E05733482A24F61F00B7A32D /* PBXContainerItemProxy */;
		};
/* End PBXTargetDependency section */

/* Begin PBXVariantGroup section */
		E05733332A24F61F00B7A32D /* LaunchScreen.storyboard */ = {
			isa = PBXVariantGroup;
			children = (
				E05733342A24F61F00B7A32D /* Base */,
			);
			name = LaunchScreen.storyboard;
			sourceTree = "<group>";
		};
		E05733652A2608B900B7A32D /* AfterMain.storyboard */ = {
			isa = PBXVariantGroup;
			children = (
				E05733662A2608B900B7A32D /* Base */,
			);
			name = AfterMain.storyboard;
			sourceTree = "<group>";
		};
/* End PBXVariantGroup section */

/* Begin XCBuildConfiguration section */
		E057334F2A24F61F00B7A32D /* Debug */ = {
			isa = XCBuildConfiguration;
			buildSettings = {
				ALWAYS_SEARCH_USER_PATHS = NO;
				CLANG_ANALYZER_NONNULL = YES;
				CLANG_ANALYZER_NUMBER_OBJECT_CONVERSION = YES_AGGRESSIVE;
				CLANG_CXX_LANGUAGE_STANDARD = "gnu++20";
				CLANG_ENABLE_MODULES = YES;
				CLANG_ENABLE_OBJC_ARC = YES;
				CLANG_ENABLE_OBJC_WEAK = YES;
				CLANG_WARN_BLOCK_CAPTURE_AUTORELEASING = YES;
				CLANG_WARN_BOOL_CONVERSION = YES;
				CLANG_WARN_COMMA = YES;
				CLANG_WARN_CONSTANT_CONVERSION = YES;
				CLANG_WARN_DEPRECATED_OBJC_IMPLEMENTATIONS = YES;
				CLANG_WARN_DIRECT_OBJC_ISA_USAGE = YES_ERROR;
				CLANG_WARN_DOCUMENTATION_COMMENTS = YES;
				CLANG_WARN_EMPTY_BODY = YES;
				CLANG_WARN_ENUM_CONVERSION = YES;
				CLANG_WARN_INFINITE_RECURSION = YES;
				CLANG_WARN_INT_CONVERSION = YES;
				CLANG_WARN_NON_LITERAL_NULL_CONVERSION = YES;
				CLANG_WARN_OBJC_IMPLICIT_RETAIN_SELF = YES;
				CLANG_WARN_OBJC_LITERAL_CONVERSION = YES;
				CLANG_WARN_OBJC_ROOT_CLASS = YES_ERROR;
				CLANG_WARN_QUOTED_INCLUDE_IN_FRAMEWORK_HEADER = YES;
				CLANG_WARN_RANGE_LOOP_ANALYSIS = YES;
				CLANG_WARN_STRICT_PROTOTYPES = YES;
				CLANG_WARN_SUSPICIOUS_MOVE = YES;
				CLANG_WARN_UNGUARDED_AVAILABILITY = YES_AGGRESSIVE;
				CLANG_WARN_UNREACHABLE_CODE = YES;
				CLANG_WARN__DUPLICATE_METHOD_MATCH = YES;
				COPY_PHASE_STRIP = NO;
				DEBUG_INFORMATION_FORMAT = dwarf;
				DEFINES_MODULE = YES;
				ENABLE_STRICT_OBJC_MSGSEND = YES;
				ENABLE_TESTABILITY = YES;
				GCC_C_LANGUAGE_STANDARD = gnu11;
				GCC_DYNAMIC_NO_PIC = NO;
				GCC_NO_COMMON_BLOCKS = YES;
				GCC_OPTIMIZATION_LEVEL = 0;
				GCC_PREPROCESSOR_DEFINITIONS = (
					"DEBUG=1",
					"$(inherited)",
				);
				GCC_WARN_64_TO_32_BIT_CONVERSION = YES;
				GCC_WARN_ABOUT_RETURN_TYPE = YES_ERROR;
				GCC_WARN_UNDECLARED_SELECTOR = YES;
				GCC_WARN_UNINITIALIZED_AUTOS = YES_AGGRESSIVE;
				GCC_WARN_UNUSED_FUNCTION = YES;
				GCC_WARN_UNUSED_VARIABLE = YES;
				IPHONEOS_DEPLOYMENT_TARGET = 16.0;
				MTL_ENABLE_DEBUG_INFO = INCLUDE_SOURCE;
				MTL_FAST_MATH = YES;
				ONLY_ACTIVE_ARCH = YES;
				SDKROOT = iphoneos;
				SWIFT_OBJC_BRIDGING_HEADER = "Gigma-Swift.h";
			};
			name = Debug;
		};
		E05733502A24F61F00B7A32D /* Release */ = {
			isa = XCBuildConfiguration;
			buildSettings = {
				ALWAYS_SEARCH_USER_PATHS = NO;
				CLANG_ANALYZER_NONNULL = YES;
				CLANG_ANALYZER_NUMBER_OBJECT_CONVERSION = YES_AGGRESSIVE;
				CLANG_CXX_LANGUAGE_STANDARD = "gnu++20";
				CLANG_ENABLE_MODULES = YES;
				CLANG_ENABLE_OBJC_ARC = YES;
				CLANG_ENABLE_OBJC_WEAK = YES;
				CLANG_WARN_BLOCK_CAPTURE_AUTORELEASING = YES;
				CLANG_WARN_BOOL_CONVERSION = YES;
				CLANG_WARN_COMMA = YES;
				CLANG_WARN_CONSTANT_CONVERSION = YES;
				CLANG_WARN_DEPRECATED_OBJC_IMPLEMENTATIONS = YES;
				CLANG_WARN_DIRECT_OBJC_ISA_USAGE = YES_ERROR;
				CLANG_WARN_DOCUMENTATION_COMMENTS = YES;
				CLANG_WARN_EMPTY_BODY = YES;
				CLANG_WARN_ENUM_CONVERSION = YES;
				CLANG_WARN_INFINITE_RECURSION = YES;
				CLANG_WARN_INT_CONVERSION = YES;
				CLANG_WARN_NON_LITERAL_NULL_CONVERSION = YES;
				CLANG_WARN_OBJC_IMPLICIT_RETAIN_SELF = YES;
				CLANG_WARN_OBJC_LITERAL_CONVERSION = YES;
				CLANG_WARN_OBJC_ROOT_CLASS = YES_ERROR;
				CLANG_WARN_QUOTED_INCLUDE_IN_FRAMEWORK_HEADER = YES;
				CLANG_WARN_RANGE_LOOP_ANALYSIS = YES;
				CLANG_WARN_STRICT_PROTOTYPES = YES;
				CLANG_WARN_SUSPICIOUS_MOVE = YES;
				CLANG_WARN_UNGUARDED_AVAILABILITY = YES_AGGRESSIVE;
				CLANG_WARN_UNREACHABLE_CODE = YES;
				CLANG_WARN__DUPLICATE_METHOD_MATCH = YES;
				COPY_PHASE_STRIP = NO;
				DEBUG_INFORMATION_FORMAT = "dwarf-with-dsym";
				DEFINES_MODULE = YES;
				ENABLE_NS_ASSERTIONS = NO;
				ENABLE_STRICT_OBJC_MSGSEND = YES;
				GCC_C_LANGUAGE_STANDARD = gnu11;
				GCC_NO_COMMON_BLOCKS = YES;
				GCC_WARN_64_TO_32_BIT_CONVERSION = YES;
				GCC_WARN_ABOUT_RETURN_TYPE = YES_ERROR;
				GCC_WARN_UNDECLARED_SELECTOR = YES;
				GCC_WARN_UNINITIALIZED_AUTOS = YES_AGGRESSIVE;
				GCC_WARN_UNUSED_FUNCTION = YES;
				GCC_WARN_UNUSED_VARIABLE = YES;
				IPHONEOS_DEPLOYMENT_TARGET = 16.0;
				MTL_ENABLE_DEBUG_INFO = NO;
				MTL_FAST_MATH = YES;
				SDKROOT = iphoneos;
				SWIFT_OBJC_BRIDGING_HEADER = "Gigma-Swift.h";
				VALIDATE_PRODUCT = YES;
			};
			name = Release;
		};
		E05733522A24F61F00B7A32D /* Debug */ = {
			isa = XCBuildConfiguration;
			baseConfigurationReference = 0D000F209F5331DE684CA98E /* Pods-Gigma.debug.xcconfig */;
			buildSettings = {
				ASSETCATALOG_COMPILER_APPICON_NAME = AppIcon;
				ASSETCATALOG_COMPILER_GLOBAL_ACCENT_COLOR_NAME = AccentColor;
				CLANG_ENABLE_MODULES = YES;
				CODE_SIGN_STYLE = Automatic;
				CURRENT_PROJECT_VERSION = 1;
				GENERATE_INFOPLIST_FILE = YES;
				INFOPLIST_FILE = Gigma/Info.plist;
				INFOPLIST_KEY_UIApplicationSupportsIndirectInputEvents = YES;
				INFOPLIST_KEY_UILaunchStoryboardName = LaunchScreen;
				INFOPLIST_KEY_UIMainStoryboardFile = Main;
				INFOPLIST_KEY_UISupportedInterfaceOrientations_iPad = "UIInterfaceOrientationPortrait UIInterfaceOrientationPortraitUpsideDown UIInterfaceOrientationLandscapeLeft UIInterfaceOrientationLandscapeRight";
				INFOPLIST_KEY_UISupportedInterfaceOrientations_iPhone = "UIInterfaceOrientationPortrait UIInterfaceOrientationLandscapeLeft UIInterfaceOrientationLandscapeRight";
				LD_RUNPATH_SEARCH_PATHS = (
					"$(inherited)",
					"@executable_path/Frameworks",
				);
				MARKETING_VERSION = 1.0;
				PRODUCT_BUNDLE_IDENTIFIER = DRP.Gigma;
				PRODUCT_NAME = "$(TARGET_NAME)";
				SWIFT_EMIT_LOC_STRINGS = YES;
				SWIFT_OBJC_BRIDGING_HEADER = "Gigma/Gigma-Bridging-Header.h";
				SWIFT_OPTIMIZATION_LEVEL = "-Onone";
				SWIFT_VERSION = 5.0;
				TARGETED_DEVICE_FAMILY = "1,2";
			};
			name = Debug;
		};
		E05733532A24F61F00B7A32D /* Release */ = {
			isa = XCBuildConfiguration;
			baseConfigurationReference = 62027280863E4BB93C712F67 /* Pods-Gigma.release.xcconfig */;
			buildSettings = {
				ASSETCATALOG_COMPILER_APPICON_NAME = AppIcon;
				ASSETCATALOG_COMPILER_GLOBAL_ACCENT_COLOR_NAME = AccentColor;
				CLANG_ENABLE_MODULES = YES;
				CODE_SIGN_STYLE = Automatic;
				CURRENT_PROJECT_VERSION = 1;
				GENERATE_INFOPLIST_FILE = YES;
				INFOPLIST_FILE = Gigma/Info.plist;
				INFOPLIST_KEY_UIApplicationSupportsIndirectInputEvents = YES;
				INFOPLIST_KEY_UILaunchStoryboardName = LaunchScreen;
				INFOPLIST_KEY_UIMainStoryboardFile = Main;
				INFOPLIST_KEY_UISupportedInterfaceOrientations_iPad = "UIInterfaceOrientationPortrait UIInterfaceOrientationPortraitUpsideDown UIInterfaceOrientationLandscapeLeft UIInterfaceOrientationLandscapeRight";
				INFOPLIST_KEY_UISupportedInterfaceOrientations_iPhone = "UIInterfaceOrientationPortrait UIInterfaceOrientationLandscapeLeft UIInterfaceOrientationLandscapeRight";
				LD_RUNPATH_SEARCH_PATHS = (
					"$(inherited)",
					"@executable_path/Frameworks",
				);
				MARKETING_VERSION = 1.0;
				PRODUCT_BUNDLE_IDENTIFIER = DRP.Gigma;
				PRODUCT_NAME = "$(TARGET_NAME)";
				SWIFT_EMIT_LOC_STRINGS = YES;
				SWIFT_OBJC_BRIDGING_HEADER = "Gigma/Gigma-Bridging-Header.h";
				SWIFT_VERSION = 5.0;
				TARGETED_DEVICE_FAMILY = "1,2";
			};
			name = Release;
		};
		E05733552A24F61F00B7A32D /* Debug */ = {
			isa = XCBuildConfiguration;
			baseConfigurationReference = 788497B0376D458D1596B13F /* Pods-GigmaTests.debug.xcconfig */;
			buildSettings = {
				ALWAYS_EMBED_SWIFT_STANDARD_LIBRARIES = YES;
				BUNDLE_LOADER = "$(TEST_HOST)";
				CODE_SIGN_STYLE = Automatic;
				CURRENT_PROJECT_VERSION = 1;
				GENERATE_INFOPLIST_FILE = YES;
				IPHONEOS_DEPLOYMENT_TARGET = 16.0;
				MARKETING_VERSION = 1.0;
				PRODUCT_BUNDLE_IDENTIFIER = DRP.GigmaTests;
				PRODUCT_NAME = "$(TARGET_NAME)";
				SWIFT_EMIT_LOC_STRINGS = NO;
				TARGETED_DEVICE_FAMILY = "1,2";
				TEST_HOST = "$(BUILT_PRODUCTS_DIR)/Gigma.app/$(BUNDLE_EXECUTABLE_FOLDER_PATH)/Gigma";
			};
			name = Debug;
		};
		E05733562A24F61F00B7A32D /* Release */ = {
			isa = XCBuildConfiguration;
			baseConfigurationReference = 91E198BC41D9201DC749D010 /* Pods-GigmaTests.release.xcconfig */;
			buildSettings = {
				ALWAYS_EMBED_SWIFT_STANDARD_LIBRARIES = YES;
				BUNDLE_LOADER = "$(TEST_HOST)";
				CODE_SIGN_STYLE = Automatic;
				CURRENT_PROJECT_VERSION = 1;
				GENERATE_INFOPLIST_FILE = YES;
				IPHONEOS_DEPLOYMENT_TARGET = 16.0;
				MARKETING_VERSION = 1.0;
				PRODUCT_BUNDLE_IDENTIFIER = DRP.GigmaTests;
				PRODUCT_NAME = "$(TARGET_NAME)";
				SWIFT_EMIT_LOC_STRINGS = NO;
				TARGETED_DEVICE_FAMILY = "1,2";
				TEST_HOST = "$(BUILT_PRODUCTS_DIR)/Gigma.app/$(BUNDLE_EXECUTABLE_FOLDER_PATH)/Gigma";
			};
			name = Release;
		};
		E05733582A24F61F00B7A32D /* Debug */ = {
			isa = XCBuildConfiguration;
			baseConfigurationReference = AD2ACB7E32AEA43783DD79E3 /* Pods-Gigma-GigmaUITests.debug.xcconfig */;
			buildSettings = {
				ALWAYS_EMBED_SWIFT_STANDARD_LIBRARIES = YES;
				CODE_SIGN_STYLE = Automatic;
				CURRENT_PROJECT_VERSION = 1;
				GENERATE_INFOPLIST_FILE = YES;
				MARKETING_VERSION = 1.0;
				PRODUCT_BUNDLE_IDENTIFIER = DRP.GigmaUITests;
				PRODUCT_NAME = "$(TARGET_NAME)";
				SWIFT_EMIT_LOC_STRINGS = NO;
				TARGETED_DEVICE_FAMILY = "1,2";
				TEST_TARGET_NAME = Gigma;
			};
			name = Debug;
		};
		E05733592A24F61F00B7A32D /* Release */ = {
			isa = XCBuildConfiguration;
			baseConfigurationReference = 17FBF2956263366011E163C1 /* Pods-Gigma-GigmaUITests.release.xcconfig */;
			buildSettings = {
				ALWAYS_EMBED_SWIFT_STANDARD_LIBRARIES = YES;
				CODE_SIGN_STYLE = Automatic;
				CURRENT_PROJECT_VERSION = 1;
				GENERATE_INFOPLIST_FILE = YES;
				MARKETING_VERSION = 1.0;
				PRODUCT_BUNDLE_IDENTIFIER = DRP.GigmaUITests;
				PRODUCT_NAME = "$(TARGET_NAME)";
				SWIFT_EMIT_LOC_STRINGS = NO;
				TARGETED_DEVICE_FAMILY = "1,2";
				TEST_TARGET_NAME = Gigma;
			};
			name = Release;
		};
/* End XCBuildConfiguration section */

/* Begin XCConfigurationList section */
		E057331D2A24F61C00B7A32D /* Build configuration list for PBXProject "Gigma" */ = {
			isa = XCConfigurationList;
			buildConfigurations = (
				E057334F2A24F61F00B7A32D /* Debug */,
				E05733502A24F61F00B7A32D /* Release */,
			);
			defaultConfigurationIsVisible = 0;
			defaultConfigurationName = Release;
		};
		E05733512A24F61F00B7A32D /* Build configuration list for PBXNativeTarget "Gigma" */ = {
			isa = XCConfigurationList;
			buildConfigurations = (
				E05733522A24F61F00B7A32D /* Debug */,
				E05733532A24F61F00B7A32D /* Release */,
			);
			defaultConfigurationIsVisible = 0;
			defaultConfigurationName = Release;
		};
		E05733542A24F61F00B7A32D /* Build configuration list for PBXNativeTarget "GigmaTests" */ = {
			isa = XCConfigurationList;
			buildConfigurations = (
				E05733552A24F61F00B7A32D /* Debug */,
				E05733562A24F61F00B7A32D /* Release */,
			);
			defaultConfigurationIsVisible = 0;
			defaultConfigurationName = Release;
		};
		E05733572A24F61F00B7A32D /* Build configuration list for PBXNativeTarget "GigmaUITests" */ = {
			isa = XCConfigurationList;
			buildConfigurations = (
				E05733582A24F61F00B7A32D /* Debug */,
				E05733592A24F61F00B7A32D /* Release */,
			);
			defaultConfigurationIsVisible = 0;
			defaultConfigurationName = Release;
		};
/* End XCConfigurationList section */

/* Begin XCRemoteSwiftPackageReference section */
		F7956E692A288F070026B06E /* XCRemoteSwiftPackageReference "firebase-ios-sdk" */ = {
			isa = XCRemoteSwiftPackageReference;
			repositoryURL = "https://github.com/firebase/firebase-ios-sdk";
			requirement = {
				kind = upToNextMajorVersion;
				minimumVersion = 10.0.0;
			};
		};
/* End XCRemoteSwiftPackageReference section */

/* Begin XCSwiftPackageProductDependency section */
		F7956E6A2A288F070026B06E /* FirebaseFirestore */ = {
			isa = XCSwiftPackageProductDependency;
			package = F7956E692A288F070026B06E /* XCRemoteSwiftPackageReference "firebase-ios-sdk" */;
			productName = FirebaseFirestore;
		};
		F7956E6C2A288F070026B06E /* FirebaseFirestoreCombine-Community */ = {
			isa = XCSwiftPackageProductDependency;
			package = F7956E692A288F070026B06E /* XCRemoteSwiftPackageReference "firebase-ios-sdk" */;
			productName = "FirebaseFirestoreCombine-Community";
		};
		F7956E6E2A288F070026B06E /* FirebaseFirestoreSwift */ = {
			isa = XCSwiftPackageProductDependency;
			package = F7956E692A288F070026B06E /* XCRemoteSwiftPackageReference "firebase-ios-sdk" */;
			productName = FirebaseFirestoreSwift;
		};
/* End XCSwiftPackageProductDependency section */

/* Begin XCVersionGroup section */
		E0472C882A27787400782EA0 /* GigmaModel.xcdatamodeld */ = {
			isa = XCVersionGroup;
			children = (
				E0472C892A27787400782EA0 /* GigmaModel.xcdatamodel */,
			);
			currentVersion = E0472C892A27787400782EA0 /* GigmaModel.xcdatamodel */;
			path = GigmaModel.xcdatamodeld;
			sourceTree = "<group>";
			versionGroupType = wrapper.xcdatamodel;
		};
/* End XCVersionGroup section */
	};
	rootObject = E057331A2A24F61C00B7A32D /* Project object */;
}
